
Microsoft Visual Studio Solution File, Format Version 12.00
# Visual Studio 15
VisualStudioVersion = 15.0.27703.2035
MinimumVisualStudioVersion = 10.0.40219.1
Project("{9A19103F-16F7-4668-BE54-9A1E7A4F7556}") = "Candidates_Project", "Candidates_Project\Candidates_Project.csproj", "{DD44570B-962A-4F22-9470-B311050F3D74}"
EndProject
Project("{9A19103F-16F7-4668-BE54-9A1E7A4F7556}") = "Candidates.Models", "Candidates.Models\Candidates.Models.csproj", "{8AB5AEE5-36AB-49B3-87F9-818F07381D04}"
EndProject
Project("{9A19103F-16F7-4668-BE54-9A1E7A4F7556}") = "Candidates.Services", "Candidates.Services\Candidates.Services.csproj", "{F70448EC-C472-4763-B93A-231E0CC62D8E}"
EndProject
Project("{9A19103F-16F7-4668-BE54-9A1E7A4F7556}") = "Candidates.Services.Interfaces", "Candidates.Services.Interfaces\Candidates.Services.Interfaces.csproj", "{4D440EA9-265B-4712-9A24-7620442BFB72}"
EndProject
Project("{9A19103F-16F7-4668-BE54-9A1E7A4F7556}") = "Candidates.Connections", "Candidates.Connections\Candidates.Connections.csproj", "{3F7AB01B-EE02-4516-A342-C7F849F048C0}"
EndProject
Project("{9A19103F-16F7-4668-BE54-9A1E7A4F7556}") = "Candidates.Library", "Candidates.Library\Candidates.Library.csproj", "{C25653F6-5826-4B40-B3B8-723442123745}"
EndProject
Project("{FAE04EC0-301F-11D3-BF4B-00C04F79EFBC}") = "Candidates.Mappers", "Candidates.Mappers\Candidates.Mappers.csproj", "{478751A1-0005-492C-9CF9-B103FA61E848}"
EndProject
Global
	GlobalSection(SolutionConfigurationPlatforms) = preSolution
		Debug|Any CPU = Debug|Any CPU
		Release|Any CPU = Release|Any CPU
	EndGlobalSection
	GlobalSection(ProjectConfigurationPlatforms) = postSolution
		{DD44570B-962A-4F22-9470-B311050F3D74}.Debug|Any CPU.ActiveCfg = Debug|Any CPU
		{DD44570B-962A-4F22-9470-B311050F3D74}.Debug|Any CPU.Build.0 = Debug|Any CPU
		{DD44570B-962A-4F22-9470-B311050F3D74}.Release|Any CPU.ActiveCfg = Release|Any CPU
		{DD44570B-962A-4F22-9470-B311050F3D74}.Release|Any CPU.Build.0 = Release|Any CPU
		{8AB5AEE5-36AB-49B3-87F9-818F07381D04}.Debug|Any CPU.ActiveCfg = Debug|Any CPU
		{8AB5AEE5-36AB-49B3-87F9-818F07381D04}.Debug|Any CPU.Build.0 = Debug|Any CPU
		{8AB5AEE5-36AB-49B3-87F9-818F07381D04}.Release|Any CPU.ActiveCfg = Release|Any CPU
		{8AB5AEE5-36AB-49B3-87F9-818F07381D04}.Release|Any CPU.Build.0 = Release|Any CPU
		{F70448EC-C472-4763-B93A-231E0CC62D8E}.Debug|Any CPU.ActiveCfg = Debug|Any CPU
		{F70448EC-C472-4763-B93A-231E0CC62D8E}.Debug|Any CPU.Build.0 = Debug|Any CPU
		{F70448EC-C472-4763-B93A-231E0CC62D8E}.Release|Any CPU.ActiveCfg = Release|Any CPU
		{F70448EC-C472-4763-B93A-231E0CC62D8E}.Release|Any CPU.Build.0 = Release|Any CPU
		{4D440EA9-265B-4712-9A24-7620442BFB72}.Debug|Any CPU.ActiveCfg = Debug|Any CPU
		{4D440EA9-265B-4712-9A24-7620442BFB72}.Debug|Any CPU.Build.0 = Debug|Any CPU
		{4D440EA9-265B-4712-9A24-7620442BFB72}.Release|Any CPU.ActiveCfg = Release|Any CPU
		{4D440EA9-265B-4712-9A24-7620442BFB72}.Release|Any CPU.Build.0 = Release|Any CPU
		{3F7AB01B-EE02-4516-A342-C7F849F048C0}.Debug|Any CPU.ActiveCfg = Debug|Any CPU
		{3F7AB01B-EE02-4516-A342-C7F849F048C0}.Debug|Any CPU.Build.0 = Debug|Any CPU
		{3F7AB01B-EE02-4516-A342-C7F849F048C0}.Release|Any CPU.ActiveCfg = Release|Any CPU
		{3F7AB01B-EE02-4516-A342-C7F849F048C0}.Release|Any CPU.Build.0 = Release|Any CPU
		{C25653F6-5826-4B40-B3B8-723442123745}.Debug|Any CPU.ActiveCfg = Debug|Any CPU
		{C25653F6-5826-4B40-B3B8-723442123745}.Debug|Any CPU.Build.0 = Debug|Any CPU
		{C25653F6-5826-4B40-B3B8-723442123745}.Release|Any CPU.ActiveCfg = Release|Any CPU
		{C25653F6-5826-4B40-B3B8-723442123745}.Release|Any CPU.Build.0 = Release|Any CPU
		{478751A1-0005-492C-9CF9-B103FA61E848}.Debug|Any CPU.ActiveCfg = Debug|Any CPU
		{478751A1-0005-492C-9CF9-B103FA61E848}.Debug|Any CPU.Build.0 = Debug|Any CPU
		{478751A1-0005-492C-9CF9-B103FA61E848}.Release|Any CPU.ActiveCfg = Release|Any CPU
		{478751A1-0005-492C-9CF9-B103FA61E848}.Release|Any CPU.Build.0 = Release|Any CPU
	EndGlobalSection
	GlobalSection(SolutionProperties) = preSolution
		HideSolutionNode = FALSE
	EndGlobalSection
	GlobalSection(ExtensibilityGlobals) = postSolution
		SolutionGuid = {3F0CDBAE-9789-4527-8F62-42CE6B4BA139}
	EndGlobalSection
EndGlobal
